github.com/Tnze/go-mc v1.20.1 h1:1Mwxyg2nvIVgRtebf6CpjMjvXLtRIng95so5hTEQtXA=
github.com/Tnze/go-mc v1.20.1/go.mod h1:c1znJQglgqa1Jjs3Dr29woN/msguiJrlNtWXhKedh2U=
github.com/klauspost/compress v1.17.4 h1:Ej5ixsIri7BrIjBkRZLTo6ghwrEtHFk7ijlczPW4fZ4=
github.com/klauspost/compress v1.17.4/go.mod h1:/dCuZOvVtNoHsyb+cuJD3itjs3NbnF6KH9zAO4BDxPM=
